// !$*UTF8*$!
{
	archiveVersion = 1;
	classes = {
	};
	objectVersion = 51;
	objects = {

/* Begin PBXBuildFile section */
		7579A72023F9039A00E0E3FC /* MovieGridViewController.swift in Sources */ = {isa = PBXBuildFile; fileRef = 7579A71F23F9039A00E0E3FC /* MovieGridViewController.swift */; };
		7579A72223F909C600E0E3FC /* MovieGridCell.swift in Sources */ = {isa = PBXBuildFile; fileRef = 7579A72123F909C600E0E3FC /* MovieGridCell.swift */; };
		75892B8623F0F675000883E5 /* AppDelegate.swift in Sources */ = {isa = PBXBuildFile; fileRef = 75892B8523F0F675000883E5 /* AppDelegate.swift */; };
		75892B8823F0F675000883E5 /* SceneDelegate.swift in Sources */ = {isa = PBXBuildFile; fileRef = 75892B8723F0F675000883E5 /* SceneDelegate.swift */; };
		75892B8D23F0F675000883E5 /* Main.storyboard in Resources */ = {isa = PBXBuildFile; fileRef = 75892B8B23F0F675000883E5 /* Main.storyboard */; };
		75892B8F23F0F677000883E5 /* Assets.xcassets in Resources */ = {isa = PBXBuildFile; fileRef = 75892B8E23F0F677000883E5 /* Assets.xcassets */; };
		75892B9223F0F677000883E5 /* LaunchScreen.storyboard in Resources */ = {isa = PBXBuildFile; fileRef = 75892B9023F0F677000883E5 /* LaunchScreen.storyboard */; };
		75892B9D23F0F678000883E5 /* FlixTests.swift in Sources */ = {isa = PBXBuildFile; fileRef = 75892B9C23F0F678000883E5 /* FlixTests.swift */; };
		75892BA823F0F678000883E5 /* FlixUITests.swift in Sources */ = {isa = PBXBuildFile; fileRef = 75892BA723F0F678000883E5 /* FlixUITests.swift */; };
		75892BB823F0F6DB000883E5 /* MoviesViewController.swift in Sources */ = {isa = PBXBuildFile; fileRef = 75892BB723F0F6DB000883E5 /* MoviesViewController.swift */; };
		75C8271523F8D54D006303B5 /* MovieDetailsViewController.swift in Sources */ = {isa = PBXBuildFile; fileRef = 75C8271423F8D54D006303B5 /* MovieDetailsViewController.swift */; };
		75DD6EE723F8B7190056A665 /* MovieCell.swift in Sources */ = {isa = PBXBuildFile; fileRef = 75DD6EE623F8B7190056A665 /* MovieCell.swift */; };
		8B9CFDCD2737F3386F24EEAC /* Pods_Flix_FlixUITests.framework in Frameworks */ = {isa = PBXBuildFile; fileRef = 5AD21D623DDCFE8E4759958B /* Pods_Flix_FlixUITests.framework */; };
		943AA4E911669681AF130A73 /* Pods_Flix.framework in Frameworks */ = {isa = PBXBuildFile; fileRef = 2DD9026C3F707C4145D2D2EC /* Pods_Flix.framework */; };
		B02C3DE8D82E05C68DC55881 /* Pods_FlixTests.framework in Frameworks */ = {isa = PBXBuildFile; fileRef = 79C9DFDA3DD9353ABBDCB830 /* Pods_FlixTests.framework */; };
/* End PBXBuildFile section */

/* Begin PBXContainerItemProxy section */
		75892B9923F0F678000883E5 /* PBXContainerItemProxy */ = {
			isa = PBXContainerItemProxy;
			containerPortal = 75892B7A23F0F675000883E5 /* Project object */;
			proxyType = 1;
			remoteGlobalIDString = 75892B8123F0F675000883E5;
			remoteInfo = Flix;
		};
		75892BA423F0F678000883E5 /* PBXContainerItemProxy */ = {
			isa = PBXContainerItemProxy;
			containerPortal = 75892B7A23F0F675000883E5 /* Project object */;
			proxyType = 1;
			remoteGlobalIDString = 75892B8123F0F675000883E5;
			remoteInfo = Flix;
		};
/* End PBXContainerItemProxy section */

/* Begin PBXFileReference section */
		2DD9026C3F707C4145D2D2EC /* Pods_Flix.framework */ = {isa = PBXFileReference; explicitFileType = wrapper.framework; includeInIndex = 0; path = Pods_Flix.framework; sourceTree = BUILT_PRODUCTS_DIR; };
		4354EFADF13D00287C61ECCC /* Pods-Flix-FlixUITests.debug.xcconfig */ = {isa = PBXFileReference; includeInIndex = 1; lastKnownFileType = text.xcconfig; name = "Pods-Flix-FlixUITests.debug.xcconfig"; path = "Target Support Files/Pods-Flix-FlixUITests/Pods-Flix-FlixUITests.debug.xcconfig"; sourceTree = "<group>"; };
		5AD21D623DDCFE8E4759958B /* Pods_Flix_FlixUITests.framework */ = {isa = PBXFileReference; explicitFileType = wrapper.framework; includeInIndex = 0; path = Pods_Flix_FlixUITests.framework; sourceTree = BUILT_PRODUCTS_DIR; };
		6FFA17E64060B420DB08D2C7 /* Pods-FlixTests.debug.xcconfig */ = {isa = PBXFileReference; includeInIndex = 1; lastKnownFileType = text.xcconfig; name = "Pods-FlixTests.debug.xcconfig"; path = "Target Support Files/Pods-FlixTests/Pods-FlixTests.debug.xcconfig"; sourceTree = "<group>"; };
		7579A71F23F9039A00E0E3FC /* MovieGridViewController.swift */ = {isa = PBXFileReference; lastKnownFileType = sourcecode.swift; path = MovieGridViewController.swift; sourceTree = "<group>"; };
		7579A72123F909C600E0E3FC /* MovieGridCell.swift */ = {isa = PBXFileReference; lastKnownFileType = sourcecode.swift; path = MovieGridCell.swift; sourceTree = "<group>"; };
		75892B8223F0F675000883E5 /* Flix.app */ = {isa = PBXFileReference; explicitFileType = wrapper.application; includeInIndex = 0; path = Flix.app; sourceTree = BUILT_PRODUCTS_DIR; };
		75892B8523F0F675000883E5 /* AppDelegate.swift */ = {isa = PBXFileReference; lastKnownFileType = sourcecode.swift; path = AppDelegate.swift; sourceTree = "<group>"; };
		75892B8723F0F675000883E5 /* SceneDelegate.swift */ = {isa = PBXFileReference; lastKnownFileType = sourcecode.swift; path = SceneDelegate.swift; sourceTree = "<group>"; };
		75892B8C23F0F675000883E5 /* Base */ = {isa = PBXFileReference; lastKnownFileType = file.storyboard; name = Base; path = Base.lproj/Main.storyboard; sourceTree = "<group>"; };
		75892B8E23F0F677000883E5 /* Assets.xcassets */ = {isa = PBXFileReference; lastKnownFileType = folder.assetcatalog; path = Assets.xcassets; sourceTree = "<group>"; };
		75892B9123F0F677000883E5 /* Base */ = {isa = PBXFileReference; lastKnownFileType = file.storyboard; name = Base; path = Base.lproj/LaunchScreen.storyboard; sourceTree = "<group>"; };
		75892B9323F0F677000883E5 /* Info.plist */ = {isa = PBXFileReference; lastKnownFileType = text.plist.xml; path = Info.plist; sourceTree = "<group>"; };
		75892B9823F0F678000883E5 /* FlixTests.xctest */ = {isa = PBXFileReference; explicitFileType = wrapper.cfbundle; includeInIndex = 0; path = FlixTests.xctest; sourceTree = BUILT_PRODUCTS_DIR; };
		75892B9C23F0F678000883E5 /* FlixTests.swift */ = {isa = PBXFileReference; lastKnownFileType = sourcecode.swift; path = FlixTests.swift; sourceTree = "<group>"; };
		75892B9E23F0F678000883E5 /* Info.plist */ = {isa = PBXFileReference; lastKnownFileType = text.plist.xml; path = Info.plist; sourceTree = "<group>"; };
		75892BA323F0F678000883E5 /* FlixUITests.xctest */ = {isa = PBXFileReference; explicitFileType = wrapper.cfbundle; includeInIndex = 0; path = FlixUITests.xctest; sourceTree = BUILT_PRODUCTS_DIR; };
		75892BA723F0F678000883E5 /* FlixUITests.swift */ = {isa = PBXFileReference; lastKnownFileType = sourcecode.swift; path = FlixUITests.swift; sourceTree = "<group>"; };
		75892BA923F0F678000883E5 /* Info.plist */ = {isa = PBXFileReference; lastKnownFileType = text.plist.xml; path = Info.plist; sourceTree = "<group>"; };
		75892BB723F0F6DB000883E5 /* MoviesViewController.swift */ = {isa = PBXFileReference; lastKnownFileType = sourcecode.swift; path = MoviesViewController.swift; sourceTree = "<group>"; };
		75C8271423F8D54D006303B5 /* MovieDetailsViewController.swift */ = {isa = PBXFileReference; lastKnownFileType = sourcecode.swift; path = MovieDetailsViewController.swift; sourceTree = "<group>"; };
		75DD6EE623F8B7190056A665 /* MovieCell.swift */ = {isa = PBXFileReference; lastKnownFileType = sourcecode.swift; path = MovieCell.swift; sourceTree = "<group>"; };
		79C9DFDA3DD9353ABBDCB830 /* Pods_FlixTests.framework */ = {isa = PBXFileReference; explicitFileType = wrapper.framework; includeInIndex = 0; path = Pods_FlixTests.framework; sourceTree = BUILT_PRODUCTS_DIR; };
		95F643B56E63DA2004735686 /* Pods-FlixTests.release.xcconfig */ = {isa = PBXFileReference; includeInIndex = 1; lastKnownFileType = text.xcconfig; name = "Pods-FlixTests.release.xcconfig"; path = "Target Support Files/Pods-FlixTests/Pods-FlixTests.release.xcconfig"; sourceTree = "<group>"; };
		A0E2CD64DD53B7CC48FD5127 /* Pods-Flix.debug.xcconfig */ = {isa = PBXFileReference; includeInIndex = 1; lastKnownFileType = text.xcconfig; name = "Pods-Flix.debug.xcconfig"; path = "Target Support Files/Pods-Flix/Pods-Flix.debug.xcconfig"; sourceTree = "<group>"; };
		B0C66680425A0A114A0AC6AE /* Pods-Flix.release.xcconfig */ = {isa = PBXFileReference; includeInIndex = 1; lastKnownFileType = text.xcconfig; name = "Pods-Flix.release.xcconfig"; path = "Target Support Files/Pods-Flix/Pods-Flix.release.xcconfig"; sourceTree = "<group>"; };
		E1A5218A3D1E5677ABF74C38 /* Pods-Flix-FlixUITests.release.xcconfig */ = {isa = PBXFileReference; includeInIndex = 1; lastKnownFileType = text.xcconfig; name = "Pods-Flix-FlixUITests.release.xcconfig"; path = "Target Support Files/Pods-Flix-FlixUITests/Pods-Flix-FlixUITests.release.xcconfig"; sourceTree = "<group>"; };
/* End PBXFileReference section */

/* Begin PBXFrameworksBuildPhase section */
		75892B7F23F0F675000883E5 /* Frameworks */ = {
			isa = PBXFrameworksBuildPhase;
			buildActionMask = 2147483647;
			files = (
				943AA4E911669681AF130A73 /* Pods_Flix.framework in Frameworks */,
			);
			runOnlyForDeploymentPostprocessing = 0;
		};
		75892B9523F0F678000883E5 /* Frameworks */ = {
			isa = PBXFrameworksBuildPhase;
			buildActionMask = 2147483647;
			files = (
				B02C3DE8D82E05C68DC55881 /* Pods_FlixTests.framework in Frameworks */,
			);
			runOnlyForDeploymentPostprocessing = 0;
		};
		75892BA023F0F678000883E5 /* Frameworks */ = {
			isa = PBXFrameworksBuildPhase;
			buildActionMask = 2147483647;
			files = (
				8B9CFDCD2737F3386F24EEAC /* Pods_Flix_FlixUITests.framework in Frameworks */,
			);
			runOnlyForDeploymentPostprocessing = 0;
		};
/* End PBXFrameworksBuildPhase section */

/* Begin PBXGroup section */
		571B921FE8F8E09BE67A6CEC /* Pods */ = {
			isa = PBXGroup;
			children = (
				A0E2CD64DD53B7CC48FD5127 /* Pods-Flix.debug.xcconfig */,
				B0C66680425A0A114A0AC6AE /* Pods-Flix.release.xcconfig */,
				4354EFADF13D00287C61ECCC /* Pods-Flix-FlixUITests.debug.xcconfig */,
				E1A5218A3D1E5677ABF74C38 /* Pods-Flix-FlixUITests.release.xcconfig */,
				6FFA17E64060B420DB08D2C7 /* Pods-FlixTests.debug.xcconfig */,
				95F643B56E63DA2004735686 /* Pods-FlixTests.release.xcconfig */,
			);
			path = Pods;
			sourceTree = "<group>";
		};
		75892B7923F0F675000883E5 = {
			isa = PBXGroup;
			children = (
				75892B8423F0F675000883E5 /* Flix */,
				75892B9B23F0F678000883E5 /* FlixTests */,
				75892BA623F0F678000883E5 /* FlixUITests */,
				75892B8323F0F675000883E5 /* Products */,
				571B921FE8F8E09BE67A6CEC /* Pods */,
				84DE042DE0C2786A5CC8F6C5 /* Frameworks */,
			);
			sourceTree = "<group>";
		};
		75892B8323F0F675000883E5 /* Products */ = {
			isa = PBXGroup;
			children = (
				75892B8223F0F675000883E5 /* Flix.app */,
				75892B9823F0F678000883E5 /* FlixTests.xctest */,
				75892BA323F0F678000883E5 /* FlixUITests.xctest */,
			);
			name = Products;
			sourceTree = "<group>";
		};
		75892B8423F0F675000883E5 /* Flix */ = {
			isa = PBXGroup;
			children = (
				75892B8523F0F675000883E5 /* AppDelegate.swift */,
				75892B8723F0F675000883E5 /* SceneDelegate.swift */,
				7579A71F23F9039A00E0E3FC /* MovieGridViewController.swift */,
				75C8271423F8D54D006303B5 /* MovieDetailsViewController.swift */,
				75DD6EE623F8B7190056A665 /* MovieCell.swift */,
				75892B8B23F0F675000883E5 /* Main.storyboard */,
				75892BB723F0F6DB000883E5 /* MoviesViewController.swift */,
				75892B8E23F0F677000883E5 /* Assets.xcassets */,
				75892B9023F0F677000883E5 /* LaunchScreen.storyboard */,
				7579A72123F909C600E0E3FC /* MovieGridCell.swift */,
				75892B9323F0F677000883E5 /* Info.plist */,
			);
			path = Flix;
			sourceTree = "<group>";
		};
		75892B9B23F0F678000883E5 /* FlixTests */ = {
			isa = PBXGroup;
			children = (
				75892B9C23F0F678000883E5 /* FlixTests.swift */,
				75892B9E23F0F678000883E5 /* Info.plist */,
			);
			path = FlixTests;
			sourceTree = "<group>";
		};
		75892BA623F0F678000883E5 /* FlixUITests */ = {
			isa = PBXGroup;
			children = (
				75892BA723F0F678000883E5 /* FlixUITests.swift */,
				75892BA923F0F678000883E5 /* Info.plist */,
			);
			path = FlixUITests;
			sourceTree = "<group>";
		};
		84DE042DE0C2786A5CC8F6C5 /* Frameworks */ = {
			isa = PBXGroup;
			children = (
				2DD9026C3F707C4145D2D2EC /* Pods_Flix.framework */,
				5AD21D623DDCFE8E4759958B /* Pods_Flix_FlixUITests.framework */,
				79C9DFDA3DD9353ABBDCB830 /* Pods_FlixTests.framework */,
			);
			name = Frameworks;
			sourceTree = "<group>";
		};
/* End PBXGroup section */

/* Begin PBXNativeTarget section */
		75892B8123F0F675000883E5 /* Flix */ = {
			isa = PBXNativeTarget;
			buildConfigurationList = 75892BAC23F0F678000883E5 /* Build configuration list for PBXNativeTarget "Flix" */;
			buildPhases = (
				8D74A73F71FF23466DD85A49 /* [CP] Check Pods Manifest.lock */,
				75892B7E23F0F675000883E5 /* Sources */,
				75892B7F23F0F675000883E5 /* Frameworks */,
				75892B8023F0F675000883E5 /* Resources */,
				C086B459CC5CB5C9872438B8 /* [CP] Embed Pods Frameworks */,
			);
			buildRules = (
			);
			dependencies = (
			);
			name = Flix;
			productName = Flix;
			productReference = 75892B8223F0F675000883E5 /* Flix.app */;
			productType = "com.apple.product-type.application";
		};
		75892B9723F0F678000883E5 /* FlixTests */ = {
			isa = PBXNativeTarget;
			buildConfigurationList = 75892BAF23F0F678000883E5 /* Build configuration list for PBXNativeTarget "FlixTests" */;
			buildPhases = (
				B0475C7BFA1C65D25795BFDA /* [CP] Check Pods Manifest.lock */,
				75892B9423F0F678000883E5 /* Sources */,
				75892B9523F0F678000883E5 /* Frameworks */,
				75892B9623F0F678000883E5 /* Resources */,
			);
			buildRules = (
			);
			dependencies = (
				75892B9A23F0F678000883E5 /* PBXTargetDependency */,
			);
			name = FlixTests;
			productName = FlixTests;
			productReference = 75892B9823F0F678000883E5 /* FlixTests.xctest */;
			productType = "com.apple.product-type.bundle.unit-test";
		};
		75892BA223F0F678000883E5 /* FlixUITests */ = {
			isa = PBXNativeTarget;
			buildConfigurationList = 75892BB223F0F678000883E5 /* Build configuration list for PBXNativeTarget "FlixUITests" */;
			buildPhases = (
				4744D9C1741F598DDCFC7810 /* [CP] Check Pods Manifest.lock */,
				75892B9F23F0F678000883E5 /* Sources */,
				75892BA023F0F678000883E5 /* Frameworks */,
				75892BA123F0F678000883E5 /* Resources */,
				A7C45BFA26C701FFD5DD497F /* [CP] Embed Pods Frameworks */,
			);
			buildRules = (
			);
			dependencies = (
				75892BA523F0F678000883E5 /* PBXTargetDependency */,
			);
			name = FlixUITests;
			productName = FlixUITests;
			productReference = 75892BA323F0F678000883E5 /* FlixUITests.xctest */;
			productType = "com.apple.product-type.bundle.ui-testing";
		};
/* End PBXNativeTarget section */

/* Begin PBXProject section */
		75892B7A23F0F675000883E5 /* Project object */ = {
			isa = PBXProject;
			attributes = {
				LastSwiftUpdateCheck = 1130;
				LastUpgradeCheck = 1130;
				ORGANIZATIONNAME = AshishSavani;
				TargetAttributes = {
					75892B8123F0F675000883E5 = {
						CreatedOnToolsVersion = 11.3.1;
					};
					75892B9723F0F678000883E5 = {
						CreatedOnToolsVersion = 11.3.1;
						TestTargetID = 75892B8123F0F675000883E5;
					};
					75892BA223F0F678000883E5 = {
						CreatedOnToolsVersion = 11.3.1;
						TestTargetID = 75892B8123F0F675000883E5;
					};
				};
			};
			buildConfigurationList = 75892B7D23F0F675000883E5 /* Build configuration list for PBXProject "Flix" */;
			compatibilityVersion = "Xcode 9.3";
			developmentRegion = en;
			hasScannedForEncodings = 0;
			knownRegions = (
				en,
				Base,
			);
			mainGroup = 75892B7923F0F675000883E5;
			productRefGroup = 75892B8323F0F675000883E5 /* Products */;
			projectDirPath = "";
			projectRoot = "";
			targets = (
				75892B8123F0F675000883E5 /* Flix */,
				75892B9723F0F678000883E5 /* FlixTests */,
				75892BA223F0F678000883E5 /* FlixUITests */,
			);
		};
/* End PBXProject section */

/* Begin PBXResourcesBuildPhase section */
		75892B8023F0F675000883E5 /* Resources */ = {
			isa = PBXResourcesBuildPhase;
			buildActionMask = 2147483647;
			files = (
				75892B9223F0F677000883E5 /* LaunchScreen.storyboard in Resources */,
				75892B8F23F0F677000883E5 /* Assets.xcassets in Resources */,
				75892B8D23F0F675000883E5 /* Main.storyboard in Resources */,
			);
			runOnlyForDeploymentPostprocessing = 0;
		};
		75892B9623F0F678000883E5 /* Resources */ = {
			isa = PBXResourcesBuildPhase;
			buildActionMask = 2147483647;
			files = (
			);
			runOnlyForDeploymentPostprocessing = 0;
		};
		75892BA123F0F678000883E5 /* Resources */ = {
			isa = PBXResourcesBuildPhase;
			buildActionMask = 2147483647;
			files = (
			);
			runOnlyForDeploymentPostprocessing = 0;
		};
/* End PBXResourcesBuildPhase section */

/* Begin PBXShellScriptBuildPhase section */
		4744D9C1741F598DDCFC7810 /* [CP] Check Pods Manifest.lock */ = {
			isa = PBXShellScriptBuildPhase;
			buildActionMask = 2147483647;
			files = (
			);
			inputFileListPaths = (
			);
			inputPaths = (
				"${PODS_PODFILE_DIR_PATH}/Podfile.lock",
				"${PODS_ROOT}/Manifest.lock",
			);
			name = "[CP] Check Pods Manifest.lock";
			outputFileListPaths = (
			);
			outputPaths = (
				"$(DERIVED_FILE_DIR)/Pods-Flix-FlixUITests-checkManifestLockResult.txt",
			);
			runOnlyForDeploymentPostprocessing = 0;
			shellPath = /bin/sh;
			shellScript = "diff \"${PODS_PODFILE_DIR_PATH}/Podfile.lock\" \"${PODS_ROOT}/Manifest.lock\" > /dev/null\nif [ $? != 0 ] ; then\n    # print error to STDERR\n    echo \"error: The sandbox is not in sync with the Podfile.lock. Run 'pod install' or update your CocoaPods installation.\" >&2\n    exit 1\nfi\n# This output is used by Xcode 'outputs' to avoid re-running this script phase.\necho \"SUCCESS\" > \"${SCRIPT_OUTPUT_FILE_0}\"\n";
			showEnvVarsInLog = 0;
		};
		8D74A73F71FF23466DD85A49 /* [CP] Check Pods Manifest.lock */ = {
			isa = PBXShellScriptBuildPhase;
			buildActionMask = 2147483647;
			files = (
			);
			inputFileListPaths = (
			);
			inputPaths = (
				"${PODS_PODFILE_DIR_PATH}/Podfile.lock",
				"${PODS_ROOT}/Manifest.lock",
			);
			name = "[CP] Check Pods Manifest.lock";
			outputFileListPaths = (
			);
			outputPaths = (
				"$(DERIVED_FILE_DIR)/Pods-Flix-checkManifestLockResult.txt",
			);
			runOnlyForDeploymentPostprocessing = 0;
			shellPath = /bin/sh;
			shellScript = "diff \"${PODS_PODFILE_DIR_PATH}/Podfile.lock\" \"${PODS_ROOT}/Manifest.lock\" > /dev/null\nif [ $? != 0 ] ; then\n    # print error to STDERR\n    echo \"error: The sandbox is not in sync with the Podfile.lock. Run 'pod install' or update your CocoaPods installation.\" >&2\n    exit 1\nfi\n# This output is used by Xcode 'outputs' to avoid re-running this script phase.\necho \"SUCCESS\" > \"${SCRIPT_OUTPUT_FILE_0}\"\n";
			showEnvVarsInLog = 0;
		};
		A7C45BFA26C701FFD5DD497F /* [CP] Embed Pods Frameworks */ = {
			isa = PBXShellScriptBuildPhase;
			buildActionMask = 2147483647;
			files = (
			);
			inputFileListPaths = (
				"${PODS_ROOT}/Target Support Files/Pods-Flix-FlixUITests/Pods-Flix-FlixUITests-frameworks-${CONFIGURATION}-input-files.xcfilelist",
			);
			name = "[CP] Embed Pods Frameworks";
			outputFileListPaths = (
				"${PODS_ROOT}/Target Support Files/Pods-Flix-FlixUITests/Pods-Flix-FlixUITests-frameworks-${CONFIGURATION}-output-files.xcfilelist",
			);
			runOnlyForDeploymentPostprocessing = 0;
			shellPath = /bin/sh;
			shellScript = "\"${PODS_ROOT}/Target Support Files/Pods-Flix-FlixUITests/Pods-Flix-FlixUITests-frameworks.sh\"\n";
			showEnvVarsInLog = 0;
		};
		B0475C7BFA1C65D25795BFDA /* [CP] Check Pods Manifest.lock */ = {
			isa = PBXShellScriptBuildPhase;
			buildActionMask = 2147483647;
			files = (
			);
			inputFileListPaths = (
			);
			inputPaths = (
				"${PODS_PODFILE_DIR_PATH}/Podfile.lock",
				"${PODS_ROOT}/Manifest.lock",
			);
			name = "[CP] Check Pods Manifest.lock";
			outputFileListPaths = (
			);
			outputPaths = (
				"$(DERIVED_FILE_DIR)/Pods-FlixTests-checkManifestLockResult.txt",
			);
			runOnlyForDeploymentPostprocessing = 0;
			shellPath = /bin/sh;
			shellScript = "diff \"${PODS_PODFILE_DIR_PATH}/Podfile.lock\" \"${PODS_ROOT}/Manifest.lock\" > /dev/null\nif [ $? != 0 ] ; then\n    # print error to STDERR\n    echo \"error: The sandbox is not in sync with the Podfile.lock. Run 'pod install' or update your CocoaPods installation.\" >&2\n    exit 1\nfi\n# This output is used by Xcode 'outputs' to avoid re-running this script phase.\necho \"SUCCESS\" > \"${SCRIPT_OUTPUT_FILE_0}\"\n";
			showEnvVarsInLog = 0;
		};
		C086B459CC5CB5C9872438B8 /* [CP] Embed Pods Frameworks */ = {
			isa = PBXShellScriptBuildPhase;
			buildActionMask = 2147483647;
			files = (
			);
			inputFileListPaths = (
				"${PODS_ROOT}/Target Support Files/Pods-Flix/Pods-Flix-frameworks-${CONFIGURATION}-input-files.xcfilelist",
			);
			name = "[CP] Embed Pods Frameworks";
			outputFileListPaths = (
				"${PODS_ROOT}/Target Support Files/Pods-Flix/Pods-Flix-frameworks-${CONFIGURATION}-output-files.xcfilelist",
			);
			runOnlyForDeploymentPostprocessing = 0;
			shellPath = /bin/sh;
			shellScript = "\"${PODS_ROOT}/Target Support Files/Pods-Flix/Pods-Flix-frameworks.sh\"\n";
			showEnvVarsInLog = 0;
		};
/* End PBXShellScriptBuildPhase section */

/* Begin PBXSourcesBuildPhase section */
		75892B7E23F0F675000883E5 /* Sources */ = {
			isa = PBXSourcesBuildPhase;
			buildActionMask = 2147483647;
			files = (
				75C8271523F8D54D006303B5 /* MovieDetailsViewController.swift in Sources */,
				75892B8623F0F675000883E5 /* AppDelegate.swift in Sources */,
				75892B8823F0F675000883E5 /* SceneDelegate.swift in Sources */,
				75DD6EE723F8B7190056A665 /* MovieCell.swift in Sources */,
				75892BB823F0F6DB000883E5 /* MoviesViewController.swift in Sources */,
				7579A72023F9039A00E0E3FC /* MovieGridViewController.swift in Sources */,
				7579A72223F909C600E0E3FC /* MovieGridCell.swift in Sources */,
			);
			runOnlyForDeploymentPostprocessing = 0;
		};
		75892B9423F0F678000883E5 /* Sources */ = {
			isa = PBXSourcesBuildPhase;
			buildActionMask = 2147483647;
			files = (
				75892B9D23F0F678000883E5 /* FlixTests.swift in Sources */,
			);
			runOnlyForDeploymentPostprocessing = 0;
		};
		75892B9F23F0F678000883E5 /* Sources */ = {
			isa = PBXSourcesBuildPhase;
			buildActionMask = 2147483647;
			files = (
				75892BA823F0F678000883E5 /* FlixUITests.swift in Sources */,
			);
			runOnlyForDeploymentPostprocessing = 0;
		};
/* End PBXSourcesBuildPhase section */

/* Begin PBXTargetDependency section */
		75892B9A23F0F678000883E5 /* PBXTargetDependency */ = {
			isa = PBXTargetDependency;
			target = 75892B8123F0F675000883E5 /* Flix */;
			targetProxy = 75892B9923F0F678000883E5 /* PBXContainerItemProxy */;
		};
		75892BA523F0F678000883E5 /* PBXTargetDependency */ = {
			isa = PBXTargetDependency;
			target = 75892B8123F0F675000883E5 /* Flix */;
			targetProxy = 75892BA423F0F678000883E5 /* PBXContainerItemProxy */;
		};
/* End PBXTargetDependency section */

/* Begin PBXVariantGroup section */
		75892B8B23F0F675000883E5 /* Main.storyboard */ = {
			isa = PBXVariantGroup;
			children = (
				75892B8C23F0F675000883E5 /* Base */,
			);
			name = Main.storyboard;
			sourceTree = "<group>";
		};
		75892B9023F0F677000883E5 /* LaunchScreen.storyboard */ = {
			isa = PBXVariantGroup;
			children = (
				75892B9123F0F677000883E5 /* Base */,
			);
			name = LaunchScreen.storyboard;
			sourceTree = "<group>";
		};
/* End PBXVariantGroup section */

/* Begin XCBuildConfiguration section */
		75892BAA23F0F678000883E5 /* Debug */ = {
			isa = XCBuildConfiguration;
			buildSettings = {
				ALWAYS_SEARCH_USER_PATHS = NO;
				CLANG_ANALYZER_NONNULL = YES;
				CLANG_ANALYZER_NUMBER_OBJECT_CONVERSION = YES_AGGRESSIVE;
				CLANG_CXX_LANGUAGE_STANDARD = "gnu++14";
				CLANG_CXX_LIBRARY = "libc++";
				CLANG_ENABLE_MODULES = YES;
				CLANG_ENABLE_OBJC_ARC = YES;
				CLANG_ENABLE_OBJC_WEAK = YES;
				CLANG_WARN_BLOCK_CAPTURE_AUTORELEASING = YES;
				CLANG_WARN_BOOL_CONVERSION = YES;
				CLANG_WARN_COMMA = YES;
				CLANG_WARN_CONSTANT_CONVERSION = YES;
				CLANG_WARN_DEPRECATED_OBJC_IMPLEMENTATIONS = YES;
				CLANG_WARN_DIRECT_OBJC_ISA_USAGE = YES_ERROR;
				CLANG_WARN_DOCUMENTATION_COMMENTS = YES;
				CLANG_WARN_EMPTY_BODY = YES;
				CLANG_WARN_ENUM_CONVERSION = YES;
				CLANG_WARN_INFINITE_RECURSION = YES;
				CLANG_WARN_INT_CONVERSION = YES;
				CLANG_WARN_NON_LITERAL_NULL_CONVERSION = YES;
				CLANG_WARN_OBJC_IMPLICIT_RETAIN_SELF = YES;
				CLANG_WARN_OBJC_LITERAL_CONVERSION = YES;
				CLANG_WARN_OBJC_ROOT_CLASS = YES_ERROR;
				CLANG_WARN_RANGE_LOOP_ANALYSIS = YES;
				CLANG_WARN_STRICT_PROTOTYPES = YES;
				CLANG_WARN_SUSPICIOUS_MOVE = YES;
				CLANG_WARN_UNGUARDED_AVAILABILITY = YES_AGGRESSIVE;
				CLANG_WARN_UNREACHABLE_CODE = YES;
				CLANG_WARN__DUPLICATE_METHOD_MATCH = YES;
				COPY_PHASE_STRIP = NO;
				DEBUG_INFORMATION_FORMAT = dwarf;
				ENABLE_STRICT_OBJC_MSGSEND = YES;
				ENABLE_TESTABILITY = YES;
				GCC_C_LANGUAGE_STANDARD = gnu11;
				GCC_DYNAMIC_NO_PIC = NO;
				GCC_NO_COMMON_BLOCKS = YES;
				GCC_OPTIMIZATION_LEVEL = 0;
				GCC_PREPROCESSOR_DEFINITIONS = (
					"DEBUG=1",
					"$(inherited)",
				);
				GCC_WARN_64_TO_32_BIT_CONVERSION = YES;
				GCC_WARN_ABOUT_RETURN_TYPE = YES_ERROR;
				GCC_WARN_UNDECLARED_SELECTOR = YES;
				GCC_WARN_UNINITIALIZED_AUTOS = YES_AGGRESSIVE;
				GCC_WARN_UNUSED_FUNCTION = YES;
				GCC_WARN_UNUSED_VARIABLE = YES;
				IPHONEOS_DEPLOYMENT_TARGET = 13.2;
				MTL_ENABLE_DEBUG_INFO = INCLUDE_SOURCE;
				MTL_FAST_MATH = YES;
				ONLY_ACTIVE_ARCH = YES;
				SDKROOT = iphoneos;
				SWIFT_ACTIVE_COMPILATION_CONDITIONS = DEBUG;
				SWIFT_OPTIMIZATION_LEVEL = "-Onone";
			};
			name = Debug;
		};
		75892BAB23F0F678000883E5 /* Release */ = {
			isa = XCBuildConfiguration;
			buildSettings = {
				ALWAYS_SEARCH_USER_PATHS = NO;
				CLANG_ANALYZER_NONNULL = YES;
				CLANG_ANALYZER_NUMBER_OBJECT_CONVERSION = YES_AGGRESSIVE;
				CLANG_CXX_LANGUAGE_STANDARD = "gnu++14";
				CLANG_CXX_LIBRARY = "libc++";
				CLANG_ENABLE_MODULES = YES;
				CLANG_ENABLE_OBJC_ARC = YES;
				CLANG_ENABLE_OBJC_WEAK = YES;
				CLANG_WARN_BLOCK_CAPTURE_AUTORELEASING = YES;
				CLANG_WARN_BOOL_CONVERSION = YES;
				CLANG_WARN_COMMA = YES;
				CLANG_WARN_CONSTANT_CONVERSION = YES;
				CLANG_WARN_DEPRECATED_OBJC_IMPLEMENTATIONS = YES;
				CLANG_WARN_DIRECT_OBJC_ISA_USAGE = YES_ERROR;
				CLANG_WARN_DOCUMENTATION_COMMENTS = YES;
				CLANG_WARN_EMPTY_BODY = YES;
				CLANG_WARN_ENUM_CONVERSION = YES;
				CLANG_WARN_INFINITE_RECURSION = YES;
				CLANG_WARN_INT_CONVERSION = YES;
				CLANG_WARN_NON_LITERAL_NULL_CONVERSION = YES;
				CLANG_WARN_OBJC_IMPLICIT_RETAIN_SELF = YES;
				CLANG_WARN_OBJC_LITERAL_CONVERSION = YES;
				CLANG_WARN_OBJC_ROOT_CLASS = YES_ERROR;
				CLANG_WARN_RANGE_LOOP_ANALYSIS = YES;
				CLANG_WARN_STRICT_PROTOTYPES = YES;
				CLANG_WARN_SUSPICIOUS_MOVE = YES;
				CLANG_WARN_UNGUARDED_AVAILABILITY = YES_AGGRESSIVE;
				CLANG_WARN_UNREACHABLE_CODE = YES;
				CLANG_WARN__DUPLICATE_METHOD_MATCH = YES;
				COPY_PHASE_STRIP = NO;
				DEBUG_INFORMATION_FORMAT = "dwarf-with-dsym";
				ENABLE_NS_ASSERTIONS = NO;
				ENABLE_STRICT_OBJC_MSGSEND = YES;
				GCC_C_LANGUAGE_STANDARD = gnu11;
				GCC_NO_COMMON_BLOCKS = YES;
				GCC_WARN_64_TO_32_BIT_CONVERSION = YES;
				GCC_WARN_ABOUT_RETURN_TYPE = YES_ERROR;
				GCC_WARN_UNDECLARED_SELECTOR = YES;
				GCC_WARN_UNINITIALIZED_AUTOS = YES_AGGRESSIVE;
				GCC_WARN_UNUSED_FUNCTION = YES;
				GCC_WARN_UNUSED_VARIABLE = YES;
				IPHONEOS_DEPLOYMENT_TARGET = 13.2;
				MTL_ENABLE_DEBUG_INFO = NO;
				MTL_FAST_MATH = YES;
				SDKROOT = iphoneos;
				SWIFT_COMPILATION_MODE = wholemodule;
				SWIFT_OPTIMIZATION_LEVEL = "-O";
				VALIDATE_PRODUCT = YES;
			};
			name = Release;
		};
		75892BAD23F0F678000883E5 /* Debug */ = {
			isa = XCBuildConfiguration;
			baseConfigurationReference = A0E2CD64DD53B7CC48FD5127 /* Pods-Flix.debug.xcconfig */;
			buildSettings = {
				ASSETCATALOG_COMPILER_APPICON_NAME = AppIcon;
				CODE_SIGN_STYLE = Automatic;
				INFOPLIST_FILE = Flix/Info.plist;
				LD_RUNPATH_SEARCH_PATHS = (
					"$(inherited)",
					"@executable_path/Frameworks",
				);
				PRODUCT_BUNDLE_IDENTIFIER = "--.Flix";
				PRODUCT_NAME = "$(TARGET_NAME)";
				SWIFT_VERSION = 5.0;
				SYSTEM_FRAMEWORK_SEARCH_PATHS = /Users/ashish/Documents/Flix;
				TARGETED_DEVICE_FAMILY = "1,2";
			};
			name = Debug;
		};
		75892BAE23F0F678000883E5 /* Release */ = {
			isa = XCBuildConfiguration;
			baseConfigurationReference = B0C66680425A0A114A0AC6AE /* Pods-Flix.release.xcconfig */;
			buildSettings = {
				ASSETCATALOG_COMPILER_APPICON_NAME = AppIcon;
				CODE_SIGN_STYLE = Automatic;
				INFOPLIST_FILE = Flix/Info.plist;
				LD_RUNPATH_SEARCH_PATHS = (
					"$(inherited)",
					"@executable_path/Frameworks",
				);
				PRODUCT_BUNDLE_IDENTIFIER = "--.Flix";
				PRODUCT_NAME = "$(TARGET_NAME)";
				SWIFT_VERSION = 5.0;
				SYSTEM_FRAMEWORK_SEARCH_PATHS = /Users/ashish/Documents/Flix;
				TARGETED_DEVICE_FAMILY = "1,2";
			};
			name = Release;
		};
		75892BB023F0F678000883E5 /* Debug */ = {
			isa = XCBuildConfiguration;
			baseConfigurationReference = 6FFA17E64060B420DB08D2C7 /* Pods-FlixTests.debug.xcconfig */;
			buildSettings = {
				ALWAYS_EMBED_SWIFT_STANDARD_LIBRARIES = YES;
				BUNDLE_LOADER = "$(TEST_HOST)";
				CODE_SIGN_STYLE = Automatic;
				INFOPLIST_FILE = FlixTests/Info.plist;
				IPHONEOS_DEPLOYMENT_TARGET = 13.2;
				LD_RUNPATH_SEARCH_PATHS = (
					"$(inherited)",
					"@executable_path/Frameworks",
					"@loader_path/Frameworks",
				);
				PRODUCT_BUNDLE_IDENTIFIER = "--.FlixTests";
				PRODUCT_NAME = "$(TARGET_NAME)";
				SWIFT_VERSION = 5.0;
				TARGETED_DEVICE_FAMILY = "1,2";
				TEST_HOST = "$(BUILT_PRODUCTS_DIR)/Flix.app/Flix";
			};
			name = Debug;
		};
		75892BB123F0F678000883E5 /* Release */ = {
			isa = XCBuildConfiguration;
			baseConfigurationReference = 95F643B56E63DA2004735686 /* Pods-FlixTests.release.xcconfig */;
			buildSettings = {
				ALWAYS_EMBED_SWIFT_STANDARD_LIBRARIES = YES;
				BUNDLE_LOADER = "$(TEST_HOST)";
				CODE_SIGN_STYLE = Automatic;
				INFOPLIST_FILE = FlixTests/Info.plist;
				IPHONEOS_DEPLOYMENT_TARGET = 13.2;
				LD_RUNPATH_SEARCH_PATHS = (
					"$(inherited)",
					"@executable_path/Frameworks",
					"@loader_path/Frameworks",
				);
				PRODUCT_BUNDLE_IDENTIFIER = "--.FlixTests";
				PRODUCT_NAME = "$(TARGET_NAME)";
				SWIFT_VERSION = 5.0;
				TARGETED_DEVICE_FAMILY = "1,2";
				TEST_HOST = "$(BUILT_PRODUCTS_DIR)/Flix.app/Flix";
			};
			name = Release;
		};
		75892BB323F0F678000883E5 /* Debug */ = {
			isa = XCBuildConfiguration;
			baseConfigurationReference = 4354EFADF13D00287C61ECCC /* Pods-Flix-FlixUITests.debug.xcconfig */;
			buildSettings = {
				ALWAYS_EMBED_SWIFT_STANDARD_LIBRARIES = YES;
				CODE_SIGN_STYLE = Automatic;
				INFOPLIST_FILE = FlixUITests/Info.plist;
				LD_RUNPATH_SEARCH_PATHS = (
					"$(inherited)",
					"@executable_path/Frameworks",
					"@loader_path/Frameworks",
				);
				PRODUCT_BUNDLE_IDENTIFIER = "--.FlixUITests";
				PRODUCT_NAME = "$(TARGET_NAME)";
				SWIFT_VERSION = 5.0;
				TARGETED_DEVICE_FAMILY = "1,2";
				TEST_TARGET_NAME = Flix;
			};
			name = Debug;
		};
		75892BB423F0F678000883E5 /* Release */ = {
			isa = XCBuildConfiguration;
			baseConfigurationReference = E1A5218A3D1E5677ABF74C38 /* Pods-Flix-FlixUITests.release.xcconfig */;
			buildSettings = {
				ALWAYS_EMBED_SWIFT_STANDARD_LIBRARIES = YES;
				CODE_SIGN_STYLE = Automatic;
				INFOPLIST_FILE = FlixUITests/Info.plist;
				LD_RUNPATH_SEARCH_PATHS = (
					"$(inherited)",
					"@executable_path/Frameworks",
					"@loader_path/Frameworks",
				);
				PRODUCT_BUNDLE_IDENTIFIER = "--.FlixUITests";
				PRODUCT_NAME = "$(TARGET_NAME)";
				SWIFT_VERSION = 5.0;
				TARGETED_DEVICE_FAMILY = "1,2";
				TEST_TARGET_NAME = Flix;
			};
			name = Release;
		};
/* End XCBuildConfiguration section */

/* Begin XCConfigurationList section */
		75892B7D23F0F675000883E5 /* Build configuration list for PBXProject "Flix" */ = {
			isa = XCConfigurationList;
			buildConfigurations = (
				75892BAA23F0F678000883E5 /* Debug */,
				75892BAB23F0F678000883E5 /* Release */,
			);
			defaultConfigurationIsVisible = 0;
			defaultConfigurationName = Release;
		};
		75892BAC23F0F678000883E5 /* Build configuration list for PBXNativeTarget "Flix" */ = {
			isa = XCConfigurationList;
			buildConfigurations = (
				75892BAD23F0F678000883E5 /* Debug */,
				75892BAE23F0F678000883E5 /* Release */,
			);
			defaultConfigurationIsVisible = 0;
			defaultConfigurationName = Release;
		};
		75892BAF23F0F678000883E5 /* Build configuration list for PBXNativeTarget "FlixTests" */ = {
			isa = XCConfigurationList;
			buildConfigurations = (
				75892BB023F0F678000883E5 /* Debug */,
				75892BB123F0F678000883E5 /* Release */,
			);
			defaultConfigurationIsVisible = 0;
			defaultConfigurationName = Release;
		};
		75892BB223F0F678000883E5 /* Build configuration list for PBXNativeTarget "FlixUITests" */ = {
			isa = XCConfigurationList;
			buildConfigurations = (
				75892BB323F0F678000883E5 /* Debug */,
				75892BB423F0F678000883E5 /* Release */,
			);
			defaultConfigurationIsVisible = 0;
			defaultConfigurationName = Release;
		};
/* End XCConfigurationList section */
	};
	rootObject = 75892B7A23F0F675000883E5 /* Project object */;
}
